
Microsoft Visual Studio Solution File, Format Version 12.00
# Visual Studio Version 16
VisualStudioVersion = 25.0.1705.0
MinimumVisualStudioVersion = 10.0.40219.1
Project("{FAE04EC0-301F-11D3-BF4B-00C04F79EFBC}") = "AdventOfCode.Day01", "AdventOfCode.Day01\AdventOfCode.Day01.csproj", "{F5A21BD7-53E6-4909-906A-79E2470C932C}"
EndProject
Project("{FAE04EC0-301F-11D3-BF4B-00C04F79EFBC}") = "AdventOfCode.Day02", "AdventOfCode.Day02\AdventOfCode.Day02.csproj", "{048E44DE-0EED-41C4-9869-7AD0BBAF4144}"
EndProject
Project("{FAE04EC0-301F-11D3-BF4B-00C04F79EFBC}") = "AdventOfCode.Day03", "AdventOfCode.Day03\AdventOfCode.Day03.csproj", "{064BEB8B-E7C6-45C2-857A-E73040425580}"
EndProject
Project("{FAE04EC0-301F-11D3-BF4B-00C04F79EFBC}") = "AdventOfCode.Day04", "AdventOfCode.Day04\AdventOfCode.Day04.csproj", "{10B4F9F2-1BC6-4922-89EF-8D2845416BA0}"
EndProject
Project("{FAE04EC0-301F-11D3-BF4B-00C04F79EFBC}") = "AdventOfCode.Day05", "AdventOfCode.Day05\AdventOfCode.Day05.csproj", "{9C56C101-CB3B-415B-91FF-2B29D1C74528}"
EndProject
Project("{FAE04EC0-301F-11D3-BF4B-00C04F79EFBC}") = "AdventOfCode.Day06", "AdventOfCode.Day06\AdventOfCode.Day06.csproj", "{351E69BE-799F-4AC5-9BF4-A95D7D2F8051}"
EndProject
Global
	GlobalSection(SolutionConfigurationPlatforms) = preSolution
		Debug|Any CPU = Debug|Any CPU
		Release|Any CPU = Release|Any CPU
	EndGlobalSection
	GlobalSection(ProjectConfigurationPlatforms) = postSolution
		{F5A21BD7-53E6-4909-906A-79E2470C932C}.Debug|Any CPU.ActiveCfg = Debug|Any CPU
		{F5A21BD7-53E6-4909-906A-79E2470C932C}.Debug|Any CPU.Build.0 = Debug|Any CPU
		{F5A21BD7-53E6-4909-906A-79E2470C932C}.Release|Any CPU.ActiveCfg = Release|Any CPU
		{F5A21BD7-53E6-4909-906A-79E2470C932C}.Release|Any CPU.Build.0 = Release|Any CPU
		{048E44DE-0EED-41C4-9869-7AD0BBAF4144}.Debug|Any CPU.ActiveCfg = Debug|Any CPU
		{048E44DE-0EED-41C4-9869-7AD0BBAF4144}.Debug|Any CPU.Build.0 = Debug|Any CPU
		{048E44DE-0EED-41C4-9869-7AD0BBAF4144}.Release|Any CPU.ActiveCfg = Release|Any CPU
		{048E44DE-0EED-41C4-9869-7AD0BBAF4144}.Release|Any CPU.Build.0 = Release|Any CPU
		{064BEB8B-E7C6-45C2-857A-E73040425580}.Debug|Any CPU.ActiveCfg = Debug|Any CPU
		{064BEB8B-E7C6-45C2-857A-E73040425580}.Debug|Any CPU.Build.0 = Debug|Any CPU
		{064BEB8B-E7C6-45C2-857A-E73040425580}.Release|Any CPU.ActiveCfg = Release|Any CPU
		{064BEB8B-E7C6-45C2-857A-E73040425580}.Release|Any CPU.Build.0 = Release|Any CPU
		{10B4F9F2-1BC6-4922-89EF-8D2845416BA0}.Debug|Any CPU.ActiveCfg = Debug|Any CPU
		{10B4F9F2-1BC6-4922-89EF-8D2845416BA0}.Debug|Any CPU.Build.0 = Debug|Any CPU
		{10B4F9F2-1BC6-4922-89EF-8D2845416BA0}.Release|Any CPU.ActiveCfg = Release|Any CPU
		{10B4F9F2-1BC6-4922-89EF-8D2845416BA0}.Release|Any CPU.Build.0 = Release|Any CPU
		{9C56C101-CB3B-415B-91FF-2B29D1C74528}.Debug|Any CPU.ActiveCfg = Debug|Any CPU
		{9C56C101-CB3B-415B-91FF-2B29D1C74528}.Debug|Any CPU.Build.0 = Debug|Any CPU
		{9C56C101-CB3B-415B-91FF-2B29D1C74528}.Release|Any CPU.ActiveCfg = Release|Any CPU
		{9C56C101-CB3B-415B-91FF-2B29D1C74528}.Release|Any CPU.Build.0 = Release|Any CPU
		{351E69BE-799F-4AC5-9BF4-A95D7D2F8051}.Debug|Any CPU.ActiveCfg = Debug|Any CPU
		{351E69BE-799F-4AC5-9BF4-A95D7D2F8051}.Debug|Any CPU.Build.0 = Debug|Any CPU
		{351E69BE-799F-4AC5-9BF4-A95D7D2F8051}.Release|Any CPU.ActiveCfg = Release|Any CPU
		{351E69BE-799F-4AC5-9BF4-A95D7D2F8051}.Release|Any CPU.Build.0 = Release|Any CPU
	EndGlobalSection
	GlobalSection(SolutionProperties) = preSolution
		HideSolutionNode = FALSE
	EndGlobalSection
	GlobalSection(ExtensibilityGlobals) = postSolution
		SolutionGuid = {3F426575-2821-4212-A0BD-B55EDC6E9C8F}
	EndGlobalSection
EndGlobal
