
Microsoft Visual Studio Solution File, Format Version 12.00
# Visual Studio Version 16
VisualStudioVersion = 25.0.1705.0
MinimumVisualStudioVersion = 10.0.40219.1
Project("{FAE04EC0-301F-11D3-BF4B-00C04F79EFBC}") = "AdventOfCode.Day01", "AdventOfCode.Day01\AdventOfCode.Day01.csproj", "{F5A21BD7-53E6-4909-906A-79E2470C932C}"
EndProject
Project("{FAE04EC0-301F-11D3-BF4B-00C04F79EFBC}") = "AdventOfCode.Day02", "AdventOfCode.Day02\AdventOfCode.Day02.csproj", "{048E44DE-0EED-41C4-9869-7AD0BBAF4144}"
EndProject
Global
	GlobalSection(SolutionConfigurationPlatforms) = preSolution
		Debug|Any CPU = Debug|Any CPU
		Release|Any CPU = Release|Any CPU
	EndGlobalSection
	GlobalSection(ProjectConfigurationPlatforms) = postSolution
		{F5A21BD7-53E6-4909-906A-79E2470C932C}.Debug|Any CPU.ActiveCfg = Debug|Any CPU
		{F5A21BD7-53E6-4909-906A-79E2470C932C}.Debug|Any CPU.Build.0 = Debug|Any CPU
		{F5A21BD7-53E6-4909-906A-79E2470C932C}.Release|Any CPU.ActiveCfg = Release|Any CPU
		{F5A21BD7-53E6-4909-906A-79E2470C932C}.Release|Any CPU.Build.0 = Release|Any CPU
		{048E44DE-0EED-41C4-9869-7AD0BBAF4144}.Debug|Any CPU.ActiveCfg = Debug|Any CPU
		{048E44DE-0EED-41C4-9869-7AD0BBAF4144}.Debug|Any CPU.Build.0 = Debug|Any CPU
		{048E44DE-0EED-41C4-9869-7AD0BBAF4144}.Release|Any CPU.ActiveCfg = Release|Any CPU
		{048E44DE-0EED-41C4-9869-7AD0BBAF4144}.Release|Any CPU.Build.0 = Release|Any CPU
	EndGlobalSection
	GlobalSection(SolutionProperties) = preSolution
		HideSolutionNode = FALSE
	EndGlobalSection
	GlobalSection(ExtensibilityGlobals) = postSolution
		SolutionGuid = {3F426575-2821-4212-A0BD-B55EDC6E9C8F}
	EndGlobalSection
EndGlobal
